<?xml version="1.0" encoding="utf-8"?>
<Project ToolsVersion="4.0" xmlns="http://schemas.microsoft.com/developer/msbuild/2003">
  <ItemGroup>
    <Filter Include="Source Files">
      <UniqueIdentifier>{4FC737F1-C7A5-4376-A066-2A32D752A2FF}</UniqueIdentifier>
      <Extensions>cpp;c;cc;cxx;def;odl;idl;hpj;bat;asm;asmx</Extensions>
    </Filter>
    <Filter Include="Header Files">
      <UniqueIdentifier>{93995380-89BD-4b04-88EB-625FBE52EBFB}</UniqueIdentifier>
      <Extensions>h;hh;hpp;hxx;hm;inl;inc;xsd</Extensions>
    </Filter>
    <Filter Include="cairo renderer">
      <UniqueIdentifier>{dfda8558-356c-4ab5-bd73-deaaf2f1b458}</UniqueIdentifier>
    </Filter>
  </ItemGroup>
  <ItemGroup>
    <ClInclude Include="io2d.h">
      <Filter>Header Files</Filter>
    </ClInclude>
    <ClInclude Include="xio2d.h">
      <Filter>Header Files</Filter>
    </ClInclude>
    <ClInclude Include="xdiagnostics.h">
      <Filter>Header Files</Filter>
    </ClInclude>
    <ClInclude Include="xio2d_impl.h">
      <Filter>Header Files</Filter>
    </ClInclude>
    <ClInclude Include="xcolor.h">
      <Filter>Header Files</Filter>
    </ClInclude>
    <ClInclude Include="xpath.h">
      <Filter>Header Files</Filter>
    </ClInclude>
    <ClInclude Include="xbrushes.h">
      <Filter>Header Files</Filter>
    </ClInclude>
    <ClInclude Include="xsurfaces.h">
      <Filter>Header Files</Filter>
    </ClInclude>
    <ClInclude Include="xtext.h">
      <Filter>Header Files</Filter>
    </ClInclude>
    <ClInclude Include="xinput.h">
      <Filter>Header Files</Filter>
    </ClInclude>
    <ClInclude Include="xcairo.h">
      <Filter>cairo renderer</Filter>
    </ClInclude>
    <ClInclude Include="xcairo_impl.h">
      <Filter>cairo renderer</Filter>
    </ClInclude>
    <ClInclude Include="xsurfaces_enums.h">
      <Filter>Header Files</Filter>
    </ClInclude>
    <ClInclude Include="xsurfacesprops_impl.h">
      <Filter>Header Files</Filter>
    </ClInclude>
    <ClInclude Include="xsurfaces_impl.h">
      <Filter>Header Files</Filter>
    </ClInclude>
    <ClInclude Include="xcairo_helpers.h">
      <Filter>cairo renderer</Filter>
    </ClInclude>
    <ClInclude Include="xbrushes_impl.h">
      <Filter>Header Files</Filter>
    </ClInclude>
    <ClInclude Include="xinclwindows_h.h">
      <Filter>cairo renderer</Filter>
    </ClInclude>
    <ClInclude Include="xgraphicsmath_impl.h">
      <Filter>Header Files</Filter>
    </ClInclude>
    <ClInclude Include="xgraphicsmathfloat.h">
      <Filter>Header Files</Filter>
    </ClInclude>
    <ClInclude Include="xgraphicsmathfloat_impl.h">
      <Filter>Header Files</Filter>
    </ClInclude>
    <ClInclude Include="xpath_impl.h">
      <Filter>Header Files</Filter>
    </ClInclude>
    <ClInclude Include="xpathbuilder_impl.h">
      <Filter>Header Files</Filter>
    </ClInclude>
    <ClInclude Include="xgraphicsmath.h">
      <Filter>Header Files</Filter>
    </ClInclude>
  </ItemGroup>
  <ItemGroup>
    <ClCompile Include="rgba_color.cpp">
      <Filter>Source Files</Filter>
    </ClCompile>
    <ClCompile Include="cairo_renderer_win32.cpp">
      <Filter>cairo renderer</Filter>
    </ClCompile>
  </ItemGroup>
  <ItemGroup>
    <Text Include="win32\Dependency installation instructions.txt" />
  </ItemGroup>
</Project>