
Microsoft Visual Studio Solution File, Format Version 12.00
# Visual Studio 15
VisualStudioVersion = 15.0.26730.8
MinimumVisualStudioVersion = 12.0.21005.1
Project("{8BC9CEB8-8B4A-11D0-8D11-00A0C91BC942}") = "P0267_RefImpl", "P0267_RefImpl\P0267_RefImpl.vcxproj", "{1B3FB96B-B90D-40B7-B0D9-20D15BE707B8}"
EndProject
Project("{8BC9CEB8-8B4A-11D0-8D11-00A0C91BC942}") = "SampleApp", "SampleApp\SampleApp.vcxproj", "{69BE4182-3360-465A-8077-C2EE8E9C45E2}"
EndProject
Project("{8BC9CEB8-8B4A-11D0-8D11-00A0C91BC942}") = "RocksInSpace", "RocksInSpace\RocksInSpace.vcxproj", "{887C0667-7B90-4FBA-A88E-A955EFDE5C24}"
EndProject
Project("{8BC9CEB8-8B4A-11D0-8D11-00A0C91BC942}") = "TestAndTeach", "TestAndTeach\TestAndTeach.vcxproj", "{7C2C2878-1C02-41D9-BED5-53DFDE1CCF1F}"
	ProjectSection(ProjectDependencies) = postProject
		{1B3FB96B-B90D-40B7-B0D9-20D15BE707B8} = {1B3FB96B-B90D-40B7-B0D9-20D15BE707B8}
	EndProjectSection
EndProject
Global
	GlobalSection(SolutionConfigurationPlatforms) = preSolution
		Debug_Clang_C2|Win32 = Debug_Clang_C2|Win32
		Debug_Clang_C2|x64 = Debug_Clang_C2|x64
		Debug|Win32 = Debug|Win32
		Debug|x64 = Debug|x64
		dll_Debug|Win32 = dll_Debug|Win32
		dll_Debug|x64 = dll_Debug|x64
		Release_Clang_C2|Win32 = Release_Clang_C2|Win32
		Release_Clang_C2|x64 = Release_Clang_C2|x64
		Release|Win32 = Release|Win32
		Release|x64 = Release|x64
	EndGlobalSection
	GlobalSection(ProjectConfigurationPlatforms) = postSolution
		{1B3FB96B-B90D-40B7-B0D9-20D15BE707B8}.Debug_Clang_C2|Win32.ActiveCfg = Debug_Clang_C2|Win32
		{1B3FB96B-B90D-40B7-B0D9-20D15BE707B8}.Debug_Clang_C2|Win32.Build.0 = Debug_Clang_C2|Win32
		{1B3FB96B-B90D-40B7-B0D9-20D15BE707B8}.Debug_Clang_C2|x64.ActiveCfg = Debug_Clang_C2|x64
		{1B3FB96B-B90D-40B7-B0D9-20D15BE707B8}.Debug_Clang_C2|x64.Build.0 = Debug_Clang_C2|x64
		{1B3FB96B-B90D-40B7-B0D9-20D15BE707B8}.Debug|Win32.ActiveCfg = Debug|Win32
		{1B3FB96B-B90D-40B7-B0D9-20D15BE707B8}.Debug|Win32.Build.0 = Debug|Win32
		{1B3FB96B-B90D-40B7-B0D9-20D15BE707B8}.Debug|x64.ActiveCfg = Debug|x64
		{1B3FB96B-B90D-40B7-B0D9-20D15BE707B8}.Debug|x64.Build.0 = Debug|x64
		{1B3FB96B-B90D-40B7-B0D9-20D15BE707B8}.dll_Debug|Win32.ActiveCfg = dll_Debug|Win32
		{1B3FB96B-B90D-40B7-B0D9-20D15BE707B8}.dll_Debug|Win32.Build.0 = dll_Debug|Win32
		{1B3FB96B-B90D-40B7-B0D9-20D15BE707B8}.dll_Debug|x64.ActiveCfg = dll_Debug|x64
		{1B3FB96B-B90D-40B7-B0D9-20D15BE707B8}.dll_Debug|x64.Build.0 = dll_Debug|x64
		{1B3FB96B-B90D-40B7-B0D9-20D15BE707B8}.Release_Clang_C2|Win32.ActiveCfg = Release_Clang_C2|Win32
		{1B3FB96B-B90D-40B7-B0D9-20D15BE707B8}.Release_Clang_C2|Win32.Build.0 = Release_Clang_C2|Win32
		{1B3FB96B-B90D-40B7-B0D9-20D15BE707B8}.Release_Clang_C2|x64.ActiveCfg = Release_Clang_C2|x64
		{1B3FB96B-B90D-40B7-B0D9-20D15BE707B8}.Release_Clang_C2|x64.Build.0 = Release_Clang_C2|x64
		{1B3FB96B-B90D-40B7-B0D9-20D15BE707B8}.Release|Win32.ActiveCfg = Release|Win32
		{1B3FB96B-B90D-40B7-B0D9-20D15BE707B8}.Release|Win32.Build.0 = Release|Win32
		{1B3FB96B-B90D-40B7-B0D9-20D15BE707B8}.Release|x64.ActiveCfg = Release|x64
		{1B3FB96B-B90D-40B7-B0D9-20D15BE707B8}.Release|x64.Build.0 = Release|x64
		{69BE4182-3360-465A-8077-C2EE8E9C45E2}.Debug_Clang_C2|Win32.ActiveCfg = Debug_Clang_C2|Win32
		{69BE4182-3360-465A-8077-C2EE8E9C45E2}.Debug_Clang_C2|Win32.Build.0 = Debug_Clang_C2|Win32
		{69BE4182-3360-465A-8077-C2EE8E9C45E2}.Debug_Clang_C2|x64.ActiveCfg = Debug_Clang_C2|x64
		{69BE4182-3360-465A-8077-C2EE8E9C45E2}.Debug_Clang_C2|x64.Build.0 = Debug_Clang_C2|x64
		{69BE4182-3360-465A-8077-C2EE8E9C45E2}.Debug|Win32.ActiveCfg = Debug|Win32
		{69BE4182-3360-465A-8077-C2EE8E9C45E2}.Debug|Win32.Build.0 = Debug|Win32
		{69BE4182-3360-465A-8077-C2EE8E9C45E2}.Debug|x64.ActiveCfg = Debug|x64
		{69BE4182-3360-465A-8077-C2EE8E9C45E2}.Debug|x64.Build.0 = Debug|x64
		{69BE4182-3360-465A-8077-C2EE8E9C45E2}.dll_Debug|Win32.ActiveCfg = dll_Debug|Win32
		{69BE4182-3360-465A-8077-C2EE8E9C45E2}.dll_Debug|Win32.Build.0 = dll_Debug|Win32
		{69BE4182-3360-465A-8077-C2EE8E9C45E2}.dll_Debug|x64.ActiveCfg = dll_Debug|x64
		{69BE4182-3360-465A-8077-C2EE8E9C45E2}.dll_Debug|x64.Build.0 = dll_Debug|x64
		{69BE4182-3360-465A-8077-C2EE8E9C45E2}.Release_Clang_C2|Win32.ActiveCfg = Release_Clang_C2|Win32
		{69BE4182-3360-465A-8077-C2EE8E9C45E2}.Release_Clang_C2|Win32.Build.0 = Release_Clang_C2|Win32
		{69BE4182-3360-465A-8077-C2EE8E9C45E2}.Release_Clang_C2|x64.ActiveCfg = Release_Clang_C2|x64
		{69BE4182-3360-465A-8077-C2EE8E9C45E2}.Release_Clang_C2|x64.Build.0 = Release_Clang_C2|x64
		{69BE4182-3360-465A-8077-C2EE8E9C45E2}.Release|Win32.ActiveCfg = Release|Win32
		{69BE4182-3360-465A-8077-C2EE8E9C45E2}.Release|Win32.Build.0 = Release|Win32
		{69BE4182-3360-465A-8077-C2EE8E9C45E2}.Release|x64.ActiveCfg = Release|x64
		{69BE4182-3360-465A-8077-C2EE8E9C45E2}.Release|x64.Build.0 = Release|x64
		{887C0667-7B90-4FBA-A88E-A955EFDE5C24}.Debug_Clang_C2|Win32.ActiveCfg = Debug_Clang_C2|Win32
		{887C0667-7B90-4FBA-A88E-A955EFDE5C24}.Debug_Clang_C2|Win32.Build.0 = Debug_Clang_C2|Win32
		{887C0667-7B90-4FBA-A88E-A955EFDE5C24}.Debug_Clang_C2|x64.ActiveCfg = Debug_Clang_C2|x64
		{887C0667-7B90-4FBA-A88E-A955EFDE5C24}.Debug_Clang_C2|x64.Build.0 = Debug_Clang_C2|x64
		{887C0667-7B90-4FBA-A88E-A955EFDE5C24}.Debug|Win32.ActiveCfg = Debug|Win32
		{887C0667-7B90-4FBA-A88E-A955EFDE5C24}.Debug|Win32.Build.0 = Debug|Win32
		{887C0667-7B90-4FBA-A88E-A955EFDE5C24}.Debug|x64.ActiveCfg = Debug|x64
		{887C0667-7B90-4FBA-A88E-A955EFDE5C24}.Debug|x64.Build.0 = Debug|x64
		{887C0667-7B90-4FBA-A88E-A955EFDE5C24}.dll_Debug|Win32.ActiveCfg = dll_Debug|Win32
		{887C0667-7B90-4FBA-A88E-A955EFDE5C24}.dll_Debug|Win32.Build.0 = dll_Debug|Win32
		{887C0667-7B90-4FBA-A88E-A955EFDE5C24}.dll_Debug|x64.ActiveCfg = dll_Debug|x64
		{887C0667-7B90-4FBA-A88E-A955EFDE5C24}.dll_Debug|x64.Build.0 = dll_Debug|x64
		{887C0667-7B90-4FBA-A88E-A955EFDE5C24}.Release_Clang_C2|Win32.ActiveCfg = Release_Clang_C2|Win32
		{887C0667-7B90-4FBA-A88E-A955EFDE5C24}.Release_Clang_C2|Win32.Build.0 = Release_Clang_C2|Win32
		{887C0667-7B90-4FBA-A88E-A955EFDE5C24}.Release_Clang_C2|x64.ActiveCfg = Release_Clang_C2|x64
		{887C0667-7B90-4FBA-A88E-A955EFDE5C24}.Release_Clang_C2|x64.Build.0 = Release_Clang_C2|x64
		{887C0667-7B90-4FBA-A88E-A955EFDE5C24}.Release|Win32.ActiveCfg = Release|Win32
		{887C0667-7B90-4FBA-A88E-A955EFDE5C24}.Release|Win32.Build.0 = Release|Win32
		{887C0667-7B90-4FBA-A88E-A955EFDE5C24}.Release|x64.ActiveCfg = Release|x64
		{887C0667-7B90-4FBA-A88E-A955EFDE5C24}.Release|x64.Build.0 = Release|x64
		{7C2C2878-1C02-41D9-BED5-53DFDE1CCF1F}.Debug_Clang_C2|Win32.ActiveCfg = Debug|Win32
		{7C2C2878-1C02-41D9-BED5-53DFDE1CCF1F}.Debug_Clang_C2|Win32.Build.0 = Debug|Win32
		{7C2C2878-1C02-41D9-BED5-53DFDE1CCF1F}.Debug_Clang_C2|x64.ActiveCfg = Debug|x64
		{7C2C2878-1C02-41D9-BED5-53DFDE1CCF1F}.Debug_Clang_C2|x64.Build.0 = Debug|x64
		{7C2C2878-1C02-41D9-BED5-53DFDE1CCF1F}.Debug|Win32.ActiveCfg = Debug|Win32
		{7C2C2878-1C02-41D9-BED5-53DFDE1CCF1F}.Debug|Win32.Build.0 = Debug|Win32
		{7C2C2878-1C02-41D9-BED5-53DFDE1CCF1F}.Debug|x64.ActiveCfg = Debug|x64
		{7C2C2878-1C02-41D9-BED5-53DFDE1CCF1F}.Debug|x64.Build.0 = Debug|x64
		{7C2C2878-1C02-41D9-BED5-53DFDE1CCF1F}.dll_Debug|Win32.ActiveCfg = Debug|Win32
		{7C2C2878-1C02-41D9-BED5-53DFDE1CCF1F}.dll_Debug|Win32.Build.0 = Debug|Win32
		{7C2C2878-1C02-41D9-BED5-53DFDE1CCF1F}.dll_Debug|x64.ActiveCfg = Debug|x64
		{7C2C2878-1C02-41D9-BED5-53DFDE1CCF1F}.dll_Debug|x64.Build.0 = Debug|x64
		{7C2C2878-1C02-41D9-BED5-53DFDE1CCF1F}.Release_Clang_C2|Win32.ActiveCfg = Release|Win32
		{7C2C2878-1C02-41D9-BED5-53DFDE1CCF1F}.Release_Clang_C2|Win32.Build.0 = Release|Win32
		{7C2C2878-1C02-41D9-BED5-53DFDE1CCF1F}.Release_Clang_C2|x64.ActiveCfg = Release|x64
		{7C2C2878-1C02-41D9-BED5-53DFDE1CCF1F}.Release_Clang_C2|x64.Build.0 = Release|x64
		{7C2C2878-1C02-41D9-BED5-53DFDE1CCF1F}.Release|Win32.ActiveCfg = Release|Win32
		{7C2C2878-1C02-41D9-BED5-53DFDE1CCF1F}.Release|Win32.Build.0 = Release|Win32
		{7C2C2878-1C02-41D9-BED5-53DFDE1CCF1F}.Release|x64.ActiveCfg = Release|x64
		{7C2C2878-1C02-41D9-BED5-53DFDE1CCF1F}.Release|x64.Build.0 = Release|x64
	EndGlobalSection
	GlobalSection(SolutionProperties) = preSolution
		HideSolutionNode = FALSE
	EndGlobalSection
	GlobalSection(ExtensibilityGlobals) = postSolution
		SolutionGuid = {8A3CF636-532B-44E0-A5CE-EA6417386559}
	EndGlobalSection
EndGlobal
