<?xml version="1.0" encoding="utf-8"?>
<Project ToolsVersion="4.0" xmlns="http://schemas.microsoft.com/developer/msbuild/2003">
  <ItemGroup>
    <Filter Include="Source Files">
      <UniqueIdentifier>{4FC737F1-C7A5-4376-A066-2A32D752A2FF}</UniqueIdentifier>
      <Extensions>cpp;c;cc;cxx;def;odl;idl;hpj;bat;asm;asmx</Extensions>
    </Filter>
    <Filter Include="Header Files">
      <UniqueIdentifier>{93995380-89BD-4b04-88EB-625FBE52EBFB}</UniqueIdentifier>
      <Extensions>h;hh;hpp;hxx;hm;inl;inc;xsd</Extensions>
    </Filter>
    <Filter Include="Resource Files">
      <UniqueIdentifier>{67DA6AB6-F800-4c08-8B7A-83BB121AAD01}</UniqueIdentifier>
      <Extensions>rc;ico;cur;bmp;dlg;rc2;rct;bin;rgs;gif;jpg;jpeg;jpe;resx;tiff;tif;png;wav;mfcribbon-ms</Extensions>
    </Filter>
    <Filter Include="DLLs">
      <UniqueIdentifier>{7cc8518e-643e-4930-bfbc-8174a4bc66d8}</UniqueIdentifier>
    </Filter>
  </ItemGroup>
  <ItemGroup>
    <Text Include="win32\DLL build instructions.txt" />
  </ItemGroup>
  <ItemGroup>
    <ClInclude Include="targetver.h">
      <Filter>Header Files</Filter>
    </ClInclude>
    <ClInclude Include="Resource.h">
      <Filter>Header Files</Filter>
    </ClInclude>
    <ClInclude Include="throw_helpers.h">
      <Filter>Header Files</Filter>
    </ClInclude>
    <ClInclude Include="xcairoenumhelpers.h">
      <Filter>Header Files</Filter>
    </ClInclude>
    <ClInclude Include="sample_draw.h">
      <Filter>Header Files</Filter>
    </ClInclude>
    <ClInclude Include="io2d.h">
      <Filter>Header Files</Filter>
    </ClInclude>
    <ClInclude Include="xio2d.h">
      <Filter>Header Files</Filter>
    </ClInclude>
    <ClInclude Include="xio2dhelpers.h">
      <Filter>Header Files</Filter>
    </ClInclude>
  </ItemGroup>
  <ItemGroup>
    <ClCompile Include="surface.cpp">
      <Filter>Source Files</Filter>
    </ClCompile>
    <ClCompile Include="device.cpp">
      <Filter>Source Files</Filter>
    </ClCompile>
    <ClCompile Include="font_options.cpp">
      <Filter>Source Files</Filter>
    </ClCompile>
    <ClCompile Include="font_face.cpp">
      <Filter>Source Files</Filter>
    </ClCompile>
    <ClCompile Include="image_surface.cpp">
      <Filter>Source Files</Filter>
    </ClCompile>
    <ClCompile Include="standalone_functions.cpp">
      <Filter>Source Files</Filter>
    </ClCompile>
    <ClCompile Include="sample_draw.cpp">
      <Filter>Source Files</Filter>
    </ClCompile>
    <ClCompile Include="path.cpp">
      <Filter>Source Files</Filter>
    </ClCompile>
    <ClCompile Include="rgba_color.cpp">
      <Filter>Source Files</Filter>
    </ClCompile>
    <ClCompile Include="io2d_error_category.cpp">
      <Filter>Source Files</Filter>
    </ClCompile>
    <ClCompile Include="simple_font_face.cpp">
      <Filter>Source Files</Filter>
    </ClCompile>
    <ClCompile Include="path_data.cpp">
      <Filter>Source Files</Filter>
    </ClCompile>
    <ClCompile Include="rectangle.cpp">
      <Filter>Source Files</Filter>
    </ClCompile>
    <ClCompile Include="font_extents.cpp">
      <Filter>Source Files</Filter>
    </ClCompile>
    <ClCompile Include="text_extents.cpp">
      <Filter>Source Files</Filter>
    </ClCompile>
    <ClCompile Include="path_factory.cpp">
      <Filter>Source Files</Filter>
    </ClCompile>
    <ClCompile Include="matrix_2d.cpp">
      <Filter>Source Files</Filter>
    </ClCompile>
    <ClCompile Include="display_surface-win32.cpp">
      <Filter>Source Files</Filter>
    </ClCompile>
    <ClCompile Include="entrypoint.cpp">
      <Filter>Source Files</Filter>
    </ClCompile>
    <ClCompile Include="display_surface-common.cpp">
      <Filter>Source Files</Filter>
    </ClCompile>
    <ClCompile Include="linear_brush_factory.cpp">
      <Filter>Source Files</Filter>
    </ClCompile>
    <ClCompile Include="brush.cpp">
      <Filter>Source Files</Filter>
    </ClCompile>
    <ClCompile Include="radial_brush_factory.cpp">
      <Filter>Source Files</Filter>
    </ClCompile>
    <ClCompile Include="solid_color_brush_factory.cpp">
      <Filter>Source Files</Filter>
    </ClCompile>
    <ClCompile Include="surface_brush_factory.cpp">
      <Filter>Source Files</Filter>
    </ClCompile>
    <ClCompile Include="mesh_brush_factory.cpp">
      <Filter>Source Files</Filter>
    </ClCompile>
    <ClCompile Include="path_data_item.cpp">
      <Filter>Source Files</Filter>
    </ClCompile>
    <ClCompile Include="vector_2d.cpp">
      <Filter>Source Files</Filter>
    </ClCompile>
  </ItemGroup>
  <ItemGroup>
    <ResourceCompile Include="N3888_RefImpl.rc">
      <Filter>Resource Files</Filter>
    </ResourceCompile>
  </ItemGroup>
  <ItemGroup>
    <Image Include="small.ico">
      <Filter>Resource Files</Filter>
    </Image>
    <Image Include="N3888_RefImpl.ico">
      <Filter>Resource Files</Filter>
    </Image>
  </ItemGroup>
  <ItemGroup>
    <None Include="win32\DLLs\x64\Debug\cairo.dll">
      <Filter>DLLs</Filter>
    </None>
    <None Include="win32\DLLs\x64\Debug\cairo.pdb">
      <Filter>DLLs</Filter>
    </None>
    <None Include="win32\DLLs\x64\Debug\zlib1.dll">
      <Filter>DLLs</Filter>
    </None>
    <None Include="win32\DLLs\x64\Debug\zlib1.pdb">
      <Filter>DLLs</Filter>
    </None>
    <None Include="win32\DLLs\x64\Release\cairo.dll">
      <Filter>DLLs</Filter>
    </None>
    <None Include="win32\DLLs\x64\Release\zlib1.dll">
      <Filter>DLLs</Filter>
    </None>
    <None Include="win32\DLLs\x86\Debug\cairo.dll">
      <Filter>DLLs</Filter>
    </None>
    <None Include="win32\DLLs\x86\Debug\cairo.pdb">
      <Filter>DLLs</Filter>
    </None>
    <None Include="win32\DLLs\x86\Release\cairo.dll">
      <Filter>DLLs</Filter>
    </None>
    <None Include="win32\DLLs\x86\Debug\zlib1.dll">
      <Filter>DLLs</Filter>
    </None>
    <None Include="win32\DLLs\x86\Release\zlib1.dll">
      <Filter>DLLs</Filter>
    </None>
    <None Include="win32\DLLs\x86\Debug\zlib1.pdb">
      <Filter>DLLs</Filter>
    </None>
  </ItemGroup>
</Project>